
Microsoft Visual Studio Solution File, Format Version 12.00
# Visual Studio Version 16
VisualStudioVersion = 16.0.29215.179
MinimumVisualStudioVersion = 10.0.40219.1
Project("{FAE04EC0-301F-11D3-BF4B-00C04F79EFBC}") = "KimberlyHart", "KimberlyHart\KimberlyHart.csproj", "{06C97DD1-BFFB-41CE-A3E6-FF24EC3CDD6C}"
EndProject
Global
	GlobalSection(SolutionConfigurationPlatforms) = preSolution
		Debug|Any CPU = Debug|Any CPU
		Release|Any CPU = Release|Any CPU
	EndGlobalSection
	GlobalSection(ProjectConfigurationPlatforms) = postSolution
		{06C97DD1-BFFB-41CE-A3E6-FF24EC3CDD6C}.Debug|Any CPU.ActiveCfg = Debug|Any CPU
		{06C97DD1-BFFB-41CE-A3E6-FF24EC3CDD6C}.Debug|Any CPU.Build.0 = Debug|Any CPU
		{06C97DD1-BFFB-41CE-A3E6-FF24EC3CDD6C}.Release|Any CPU.ActiveCfg = Release|Any CPU
		{06C97DD1-BFFB-41CE-A3E6-FF24EC3CDD6C}.Release|Any CPU.Build.0 = Release|Any CPU
	EndGlobalSection
	GlobalSection(SolutionProperties) = preSolution
		HideSolutionNode = FALSE
	EndGlobalSection
	GlobalSection(ExtensibilityGlobals) = postSolution
		SolutionGuid = {12B8038C-EC7E-444A-8DAD-49ED703FFF3C}
	EndGlobalSection
EndGlobal
